# This file is automatically @generated by Poetry 2.1.1 and should not be changed by hand.

[[package]]
name = "bitstruct"
version = "8.19.0"
description = "This module performs conversions between Python values and C bit field structs represented as Python byte strings."
optional = false
python-versions = ">=3.7"
groups = ["main"]
files = [
    {file = "bitstruct-8.19.0-cp310-cp310-macosx_10_9_x86_64.whl", hash = "sha256:7d1f3eb18ddc33ba73f5cbb55c885584bcec51c421ac3551b79edc0ffeaecc3d"},
    {file = "bitstruct-8.19.0-cp310-cp310-manylinux_2_17_x86_64.manylinux2014_x86_64.whl", hash = "sha256:a35e0b267d12438e6a7b28850a15d4cffe767db6fc443a406d0ead97fa1d7d5b"},
    {file = "bitstruct-8.19.0-cp310-cp310-manylinux_2_5_i686.manylinux1_i686.manylinux_2_17_i686.manylinux2014_i686.whl", hash = "sha256:5732aff5c8eb3a572f7b20d09fc4c213215f9e60c0e66f2910b31eb65b457744"},
    {file = "bitstruct-8.19.0-cp310-cp310-musllinux_1_1_i686.whl", hash = "sha256:bc8f1871b42b705eb34b8722c3ec358fbf1b97fd37a62693564ee72648afb100"},
    {file = "bitstruct-8.19.0-cp310-cp310-musllinux_1_1_x86_64.whl", hash = "sha256:01bdfc3adbe15b05ba27ab6dce7959caa29a000f066201944b29c64bb8888f03"},
    {file = "bitstruct-8.19.0-cp310-cp310-win32.whl", hash = "sha256:961845a29333119b70dd9aab54bc714bf9ba5efefc55cb4c747c35c1390b8842"},
    {file = "bitstruct-8.19.0-cp310-cp310-win_amd64.whl", hash = "sha256:9fbe12d464db909f58d5e2a2485b3047a488fa1373e8f74b22d6759ee6b2437a"},
    {file = "bitstruct-8.19.0-cp311-cp311-macosx_10_9_x86_64.whl", hash = "sha256:1300cd635814e40b1f4105aa4f404cb5d1b8cc54e06e267ba1616725f9c2beea"},
    {file = "bitstruct-8.19.0-cp311-cp311-manylinux_2_17_x86_64.manylinux2014_x86_64.whl", hash = "sha256:0e2fb23b5973ce1e9f349c4dc90873eeff9800fe917ffd345f39b9b964f6d119"},
    {file = "bitstruct-8.19.0-cp311-cp311-manylinux_2_5_i686.manylinux1_i686.manylinux_2_17_i686.manylinux2014_i686.whl", hash = "sha256:59e0c18d557474d8452c4f8b59320fd4d9efcf52eae2144bdf317d25c64dcf85"},
    {file = "bitstruct-8.19.0-cp311-cp311-musllinux_1_1_i686.whl", hash = "sha256:bba06607f956cc39ceee19fd11b542e8e66a43180d48fa36c4609443893c273e"},
    {file = "bitstruct-8.19.0-cp311-cp311-musllinux_1_1_x86_64.whl", hash = "sha256:f2fa607d111077145e6374d49be6098f33e7cee0967b42cfc117df53eee13332"},
    {file = "bitstruct-8.19.0-cp311-cp311-win32.whl", hash = "sha256:abdb7bdb5b04c2f1bbda0eae828c627252243ddc042aea6b72af8fcc63696598"},
    {file = "bitstruct-8.19.0-cp311-cp311-win_amd64.whl", hash = "sha256:464f102999402a2624ee3106dbfa1f3745810036814a33e6bc706b7d312c480f"},
    {file = "bitstruct-8.19.0-cp312-cp312-macosx_10_9_x86_64.whl", hash = "sha256:55768b1f5e33594178f0b3e1596b89d831b006713a60caa09de61fd385bf22b1"},
    {file = "bitstruct-8.19.0-cp312-cp312-manylinux_2_17_x86_64.manylinux2014_x86_64.whl", hash = "sha256:c026a7cf8d954ef53cf4d0ae5ee3dd1ac66e24e9a474c5afe55467ab7d609f2e"},
    {file = "bitstruct-8.19.0-cp312-cp312-manylinux_2_5_i686.manylinux1_i686.manylinux_2_17_i686.manylinux2014_i686.whl", hash = "sha256:7488fd4e2fde3d8111971e2040cd5b008be918381afc80387d3fdf047c801293"},
    {file = "bitstruct-8.19.0-cp312-cp312-musllinux_1_1_i686.whl", hash = "sha256:45b66e20633f1e083e37fa396c81761e0fc688ffa06ff5559e990e37234f9e18"},
    {file = "bitstruct-8.19.0-cp312-cp312-musllinux_1_1_x86_64.whl", hash = "sha256:9c1542d5ae888ebc31614775938bfd13454f0d897dc2515363a4607efadc990b"},
    {file = "bitstruct-8.19.0-cp312-cp312-win32.whl", hash = "sha256:7ea57e4e793b595cd3e037920852f2c676b4f5f1734c41985db3f48783928e2c"},
    {file = "bitstruct-8.19.0-cp312-cp312-win_amd64.whl", hash = "sha256:1c4d9b75248adee84e7e6c95bf95966f152b78363cb20a81920da2aeadc4375f"},
    {file = "bitstruct-8.19.0-cp37-cp37m-macosx_10_9_x86_64.whl", hash = "sha256:7b4745b099d3d85307495e25ff0f265deeea675621dcecb25ba059ee68ce88d5"},
    {file = "bitstruct-8.19.0-cp37-cp37m-manylinux_2_17_x86_64.manylinux2014_x86_64.whl", hash = "sha256:645da560acd20dd73a1ef220e3ddc08e108866e30a708ef2f6193e0a3725113e"},
    {file = "bitstruct-8.19.0-cp37-cp37m-manylinux_2_5_i686.manylinux1_i686.manylinux_2_17_i686.manylinux2014_i686.whl", hash = "sha256:01402fbc3dba2286b3ac9b74d5936dd984736f928aacd371458a4b0cf95f0755"},
    {file = "bitstruct-8.19.0-cp37-cp37m-musllinux_1_1_i686.whl", hash = "sha256:2c5eda42d55db67072c6cf7cc79b1df1074269004bad119b79e4ad38cfa61877"},
    {file = "bitstruct-8.19.0-cp37-cp37m-musllinux_1_1_x86_64.whl", hash = "sha256:2ea093522b12ce714a3a95851a8c3dd97f620126bbe983eb261b3bf18ac945e7"},
    {file = "bitstruct-8.19.0-cp37-cp37m-win32.whl", hash = "sha256:da00da004830800323554e7a83f1f32a1f49345f5379476de4b5f6ae227ee962"},
    {file = "bitstruct-8.19.0-cp37-cp37m-win_amd64.whl", hash = "sha256:a0ca55fba25d6c631e17933f20cf87f553d7bceec7659e3de9ef48dc85ced2bf"},
    {file = "bitstruct-8.19.0-cp38-cp38-macosx_10_9_x86_64.whl", hash = "sha256:d3f6e3aeb598215062c505a06135fbdfa3bb4eeb249b55f87e865a86b3fd9e99"},
    {file = "bitstruct-8.19.0-cp38-cp38-manylinux_2_17_x86_64.manylinux2014_x86_64.whl", hash = "sha256:df74c72feba80014b05ab6f1e1a0bb90be9f9e7eb60a9bab1e00728f7f46d79d"},
    {file = "bitstruct-8.19.0-cp38-cp38-manylinux_2_5_i686.manylinux1_i686.manylinux_2_17_i686.manylinux2014_i686.whl", hash = "sha256:976c39ad771c6773d6fbd14d71e62242d5b3bca7b72428fd183e1f1085d5e858"},
    {file = "bitstruct-8.19.0-cp38-cp38-musllinux_1_1_i686.whl", hash = "sha256:d2c176ff6727206805760f45c2151468aed843256aa239c14f4730b9e1d84fc7"},
    {file = "bitstruct-8.19.0-cp38-cp38-musllinux_1_1_x86_64.whl", hash = "sha256:d7774e2a51e254ef1ba98a1ee38573c819d4ee7e396d5121c5ecae17df927501"},
    {file = "bitstruct-8.19.0-cp38-cp38-win32.whl", hash = "sha256:b86d192d658eaf35f10efb2e1940ec755cc28e081f46de294a2e91a74ea298aa"},
    {file = "bitstruct-8.19.0-cp38-cp38-win_amd64.whl", hash = "sha256:5e7f78aedec2881017026eb7f7ab79514aef09a24afd8acf5fa8c73b1cd0e9f4"},
    {file = "bitstruct-8.19.0-cp39-cp39-macosx_10_9_x86_64.whl", hash = "sha256:2bb49acc2ccc6efd3c9613cae8f7e1316c92f832bff860a6fcb78a4275974e90"},
    {file = "bitstruct-8.19.0-cp39-cp39-manylinux_2_17_x86_64.manylinux2014_x86_64.whl", hash = "sha256:7bed7b2761c18a515298145a4f67b6c71ce302453fe7d87ec6b7d2e77fd3c22b"},
    {file = "bitstruct-8.19.0-cp39-cp39-manylinux_2_5_i686.manylinux1_i686.manylinux_2_17_i686.manylinux2014_i686.whl", hash = "sha256:8d0cafd2e2974c4bbe349fb67951d43d221ea304218c2ee65f9fe4c62acabc2f"},
    {file = "bitstruct-8.19.0-cp39-cp39-musllinux_1_1_i686.whl", hash = "sha256:d9ba0299f624e7c8ea1eec926fc77741f82ffc5b3c3ba4f89303d33d5605f4d8"},
    {file = "bitstruct-8.19.0-cp39-cp39-musllinux_1_1_x86_64.whl", hash = "sha256:bfa0326057c9b02c4e65e74e45b9914a7f8c59590a8e718e20a899a02b41f2e6"},
    {file = "bitstruct-8.19.0-cp39-cp39-win32.whl", hash = "sha256:14c3ebdec92c486142327d934cb451d96b411543ec6f72aeb2b4b4334e9408bf"},
    {file = "bitstruct-8.19.0-cp39-cp39-win_amd64.whl", hash = "sha256:7836852d5c15444e87a2029f922b48717e6e199d2332d55e8738e92d8590987e"},
    {file = "bitstruct-8.19.0.tar.gz", hash = "sha256:d75ba9dded85c17e885a209a00eb8e248ee40762149f2f2a79360ca857467dac"},
]

[[package]]
name = "capstone"
version = "5.0.5"
description = "Capstone disassembly engine"
optional = false
python-versions = ">=3.8"
groups = ["main"]
files = [
    {file = "capstone-5.0.5-py3-none-macosx_10_9_universal2.whl", hash = "sha256:24db89d74b571659fe6212e756795cd5d394378c50e19e41dbcfb6c087c2f87d"},
    {file = "capstone-5.0.5-py3-none-macosx_10_9_x86_64.whl", hash = "sha256:15f4b85df176999bbf7eb3f53f0cf2cee728254600c1be21442e2581189309e9"},
    {file = "capstone-5.0.5-py3-none-macosx_11_0_arm64.whl", hash = "sha256:5416621ac2d243d89b788f1309b143ea1f400da3eb5c47c6a87f1add99732a83"},
    {file = "capstone-5.0.5-py3-none-manylinux_2_17_aarch64.manylinux2014_aarch64.whl", hash = "sha256:6ef47da78f44de1cdff1519b360186681fca0097e92046a7d7203d56364f99da"},
    {file = "capstone-5.0.5-py3-none-manylinux_2_17_x86_64.manylinux2014_x86_64.whl", hash = "sha256:754968f057d9e5d9c383f2918a1d56d455bfb274bbf307f219180b16e6d5aaeb"},
    {file = "capstone-5.0.5-py3-none-manylinux_2_5_i686.manylinux1_i686.manylinux_2_17_i686.manylinux2014_i686.whl", hash = "sha256:933797f7e2a257a77c3a699316deea92efa120a10d41e22725a96fc82f0a769e"},
    {file = "capstone-5.0.5-py3-none-musllinux_1_2_aarch64.whl", hash = "sha256:50b646f0c56b0cac5c993dde08b5e5eacf8b1f66031ec8d60154eae6e3c0645e"},
    {file = "capstone-5.0.5-py3-none-musllinux_1_2_i686.whl", hash = "sha256:cd35b666739d7b79066fc69fd0c145d5ceb6a4131df3db1225ec6dcfa3fe322f"},
    {file = "capstone-5.0.5-py3-none-musllinux_1_2_x86_64.whl", hash = "sha256:89dac65a1c84670ee30ccaf2ae688c4b27ad514d9dc8738a9826579051e29ecb"},
    {file = "capstone-5.0.5-py3-none-win_amd64.whl", hash = "sha256:a03b6b42b33bb0739b2436a555e699ac91cd1d1891134269b04e359b607e50e8"},
    {file = "capstone-5.0.5.tar.gz", hash = "sha256:32346f6019d5351adaaf584ffc60c1e40db6b47d1d049eb924f903eb2b073e87"},
]

[[package]]
name = "isort"
version = "5.13.2"
description = "A Python utility / library to sort Python imports."
optional = false
python-versions = ">=3.8.0"
groups = ["dev"]
files = [
    {file = "isort-5.13.2-py3-none-any.whl", hash = "sha256:8ca5e72a8d85860d5a3fa69b8745237f2939afe12dbf656afbcb47fe72d947a6"},
    {file = "isort-5.13.2.tar.gz", hash = "sha256:48fdfcb9face5d58a4f6dde2e72a1fb8dcaf8ab26f95ab49fab84c2ddefb0109"},
]

[package.extras]
colors = ["colorama (>=0.4.6)"]

[[package]]
name = "mypy"
version = "1.15.0"
description = "Optional static typing for Python"
optional = false
python-versions = ">=3.9"
groups = ["dev"]
files = [
    {file = "mypy-1.15.0-cp310-cp310-macosx_10_9_x86_64.whl", hash = "sha256:979e4e1a006511dacf628e36fadfecbcc0160a8af6ca7dad2f5025529e082c13"},
    {file = "mypy-1.15.0-cp310-cp310-macosx_11_0_arm64.whl", hash = "sha256:c4bb0e1bd29f7d34efcccd71cf733580191e9a264a2202b0239da95984c5b559"},
    {file = "mypy-1.15.0-cp310-cp310-manylinux_2_17_aarch64.manylinux2014_aarch64.manylinux_2_28_aarch64.whl", hash = "sha256:be68172e9fd9ad8fb876c6389f16d1c1b5f100ffa779f77b1fb2176fcc9ab95b"},
    {file = "mypy-1.15.0-cp310-cp310-manylinux_2_17_x86_64.manylinux2014_x86_64.manylinux_2_28_x86_64.whl", hash = "sha256:c7be1e46525adfa0d97681432ee9fcd61a3964c2446795714699a998d193f1a3"},
    {file = "mypy-1.15.0-cp310-cp310-musllinux_1_2_x86_64.whl", hash = "sha256:2e2c2e6d3593f6451b18588848e66260ff62ccca522dd231cd4dd59b0160668b"},
    {file = "mypy-1.15.0-cp310-cp310-win_amd64.whl", hash = "sha256:6983aae8b2f653e098edb77f893f7b6aca69f6cffb19b2cc7443f23cce5f4828"},
    {file = "mypy-1.15.0-cp311-cp311-macosx_10_9_x86_64.whl", hash = "sha256:2922d42e16d6de288022e5ca321cd0618b238cfc5570e0263e5ba0a77dbef56f"},
    {file = "mypy-1.15.0-cp311-cp311-macosx_11_0_arm64.whl", hash = "sha256:2ee2d57e01a7c35de00f4634ba1bbf015185b219e4dc5909e281016df43f5ee5"},
    {file = "mypy-1.15.0-cp311-cp311-manylinux_2_17_aarch64.manylinux2014_aarch64.manylinux_2_28_aarch64.whl", hash = "sha256:973500e0774b85d9689715feeffcc980193086551110fd678ebe1f4342fb7c5e"},
    {file = "mypy-1.15.0-cp311-cp311-manylinux_2_17_x86_64.manylinux2014_x86_64.manylinux_2_28_x86_64.whl", hash = "sha256:5a95fb17c13e29d2d5195869262f8125dfdb5c134dc8d9a9d0aecf7525b10c2c"},
    {file = "mypy-1.15.0-cp311-cp311-musllinux_1_2_x86_64.whl", hash = "sha256:1905f494bfd7d85a23a88c5d97840888a7bd516545fc5aaedff0267e0bb54e2f"},
    {file = "mypy-1.15.0-cp311-cp311-win_amd64.whl", hash = "sha256:c9817fa23833ff189db061e6d2eff49b2f3b6ed9856b4a0a73046e41932d744f"},
    {file = "mypy-1.15.0-cp312-cp312-macosx_10_13_x86_64.whl", hash = "sha256:aea39e0583d05124836ea645f412e88a5c7d0fd77a6d694b60d9b6b2d9f184fd"},
    {file = "mypy-1.15.0-cp312-cp312-macosx_11_0_arm64.whl", hash = "sha256:2f2147ab812b75e5b5499b01ade1f4a81489a147c01585cda36019102538615f"},
    {file = "mypy-1.15.0-cp312-cp312-manylinux_2_17_aarch64.manylinux2014_aarch64.manylinux_2_28_aarch64.whl", hash = "sha256:ce436f4c6d218a070048ed6a44c0bbb10cd2cc5e272b29e7845f6a2f57ee4464"},
    {file = "mypy-1.15.0-cp312-cp312-manylinux_2_17_x86_64.manylinux2014_x86_64.manylinux_2_28_x86_64.whl", hash = "sha256:8023ff13985661b50a5928fc7a5ca15f3d1affb41e5f0a9952cb68ef090b31ee"},
    {file = "mypy-1.15.0-cp312-cp312-musllinux_1_2_x86_64.whl", hash = "sha256:1124a18bc11a6a62887e3e137f37f53fbae476dc36c185d549d4f837a2a6a14e"},
    {file = "mypy-1.15.0-cp312-cp312-win_amd64.whl", hash = "sha256:171a9ca9a40cd1843abeca0e405bc1940cd9b305eaeea2dda769ba096932bb22"},
    {file = "mypy-1.15.0-cp313-cp313-macosx_10_13_x86_64.whl", hash = "sha256:93faf3fdb04768d44bf28693293f3904bbb555d076b781ad2530214ee53e3445"},
    {file = "mypy-1.15.0-cp313-cp313-macosx_11_0_arm64.whl", hash = "sha256:811aeccadfb730024c5d3e326b2fbe9249bb7413553f15499a4050f7c30e801d"},
    {file = "mypy-1.15.0-cp313-cp313-manylinux_2_17_aarch64.manylinux2014_aarch64.manylinux_2_28_aarch64.whl", hash = "sha256:98b7b9b9aedb65fe628c62a6dc57f6d5088ef2dfca37903a7d9ee374d03acca5"},
    {file = "mypy-1.15.0-cp313-cp313-manylinux_2_17_x86_64.manylinux2014_x86_64.manylinux_2_28_x86_64.whl", hash = "sha256:c43a7682e24b4f576d93072216bf56eeff70d9140241f9edec0c104d0c515036"},
    {file = "mypy-1.15.0-cp313-cp313-musllinux_1_2_x86_64.whl", hash = "sha256:baefc32840a9f00babd83251560e0ae1573e2f9d1b067719479bfb0e987c6357"},
    {file = "mypy-1.15.0-cp313-cp313-win_amd64.whl", hash = "sha256:b9378e2c00146c44793c98b8d5a61039a048e31f429fb0eb546d93f4b000bedf"},
    {file = "mypy-1.15.0-cp39-cp39-macosx_10_9_x86_64.whl", hash = "sha256:e601a7fa172c2131bff456bb3ee08a88360760d0d2f8cbd7a75a65497e2df078"},
    {file = "mypy-1.15.0-cp39-cp39-macosx_11_0_arm64.whl", hash = "sha256:712e962a6357634fef20412699a3655c610110e01cdaa6180acec7fc9f8513ba"},
    {file = "mypy-1.15.0-cp39-cp39-manylinux_2_17_aarch64.manylinux2014_aarch64.manylinux_2_28_aarch64.whl", hash = "sha256:f95579473af29ab73a10bada2f9722856792a36ec5af5399b653aa28360290a5"},
    {file = "mypy-1.15.0-cp39-cp39-manylinux_2_17_x86_64.manylinux2014_x86_64.manylinux_2_28_x86_64.whl", hash = "sha256:8f8722560a14cde92fdb1e31597760dc35f9f5524cce17836c0d22841830fd5b"},
    {file = "mypy-1.15.0-cp39-cp39-musllinux_1_2_x86_64.whl", hash = "sha256:1fbb8da62dc352133d7d7ca90ed2fb0e9d42bb1a32724c287d3c76c58cbaa9c2"},
    {file = "mypy-1.15.0-cp39-cp39-win_amd64.whl", hash = "sha256:d10d994b41fb3497719bbf866f227b3489048ea4bbbb5015357db306249f7980"},
    {file = "mypy-1.15.0-py3-none-any.whl", hash = "sha256:5469affef548bd1895d86d3bf10ce2b44e33d86923c29e4d675b3e323437ea3e"},
    {file = "mypy-1.15.0.tar.gz", hash = "sha256:404534629d51d3efea5c800ee7c42b72a6554d6c400e6a79eafe15d11341fd43"},
]

[package.dependencies]
mypy_extensions = ">=1.0.0"
typing_extensions = ">=4.6.0"

[package.extras]
dmypy = ["psutil (>=4.0)"]
faster-cache = ["orjson"]
install-types = ["pip"]
mypyc = ["setuptools (>=50)"]
reports = ["lxml"]

[[package]]
name = "mypy-extensions"
version = "1.0.0"
description = "Type system extensions for programs checked with the mypy type checker."
optional = false
python-versions = ">=3.5"
groups = ["dev"]
files = [
    {file = "mypy_extensions-1.0.0-py3-none-any.whl", hash = "sha256:4392f6c0eb8a5668a69e23d168ffa70f0be9ccfd32b5cc2d26a34ae5b844552d"},
    {file = "mypy_extensions-1.0.0.tar.gz", hash = "sha256:75dbf8955dc00442a438fc4d0666508a9a97b6bd41aa2f0ffe9d2f2725af0782"},
]

[[package]]
name = "pyelftools"
version = "0.31"
description = "Library for analyzing ELF files and DWARF debugging information"
optional = false
python-versions = "*"
groups = ["main"]
files = [
    {file = "pyelftools-0.31-py3-none-any.whl", hash = "sha256:f52de7b3c7e8c64c8abc04a79a1cf37ac5fb0b8a49809827130b858944840607"},
    {file = "pyelftools-0.31.tar.gz", hash = "sha256:c774416b10310156879443b81187d182d8d9ee499660380e645918b50bc88f99"},
]

[[package]]
name = "ruff"
version = "0.9.4"
description = "An extremely fast Python linter and code formatter, written in Rust."
optional = false
python-versions = ">=3.7"
groups = ["dev"]
files = [
    {file = "ruff-0.9.4-py3-none-linux_armv6l.whl", hash = "sha256:64e73d25b954f71ff100bb70f39f1ee09e880728efb4250c632ceed4e4cdf706"},
    {file = "ruff-0.9.4-py3-none-macosx_10_12_x86_64.whl", hash = "sha256:6ce6743ed64d9afab4fafeaea70d3631b4d4b28b592db21a5c2d1f0ef52934bf"},
    {file = "ruff-0.9.4-py3-none-macosx_11_0_arm64.whl", hash = "sha256:54499fb08408e32b57360f6f9de7157a5fec24ad79cb3f42ef2c3f3f728dfe2b"},
    {file = "ruff-0.9.4-py3-none-manylinux_2_17_aarch64.manylinux2014_aarch64.whl", hash = "sha256:37c892540108314a6f01f105040b5106aeb829fa5fb0561d2dcaf71485021137"},
    {file = "ruff-0.9.4-py3-none-manylinux_2_17_armv7l.manylinux2014_armv7l.whl", hash = "sha256:de9edf2ce4b9ddf43fd93e20ef635a900e25f622f87ed6e3047a664d0e8f810e"},
    {file = "ruff-0.9.4-py3-none-manylinux_2_17_i686.manylinux2014_i686.whl", hash = "sha256:87c90c32357c74f11deb7fbb065126d91771b207bf9bfaaee01277ca59b574ec"},
    {file = "ruff-0.9.4-py3-none-manylinux_2_17_ppc64.manylinux2014_ppc64.whl", hash = "sha256:56acd6c694da3695a7461cc55775f3a409c3815ac467279dfa126061d84b314b"},
    {file = "ruff-0.9.4-py3-none-manylinux_2_17_ppc64le.manylinux2014_ppc64le.whl", hash = "sha256:e0c93e7d47ed951b9394cf352d6695b31498e68fd5782d6cbc282425655f687a"},
    {file = "ruff-0.9.4-py3-none-manylinux_2_17_s390x.manylinux2014_s390x.whl", hash = "sha256:1d4c8772670aecf037d1bf7a07c39106574d143b26cfe5ed1787d2f31e800214"},
    {file = "ruff-0.9.4-py3-none-manylinux_2_17_x86_64.manylinux2014_x86_64.whl", hash = "sha256:bfc5f1d7afeda8d5d37660eeca6d389b142d7f2b5a1ab659d9214ebd0e025231"},
    {file = "ruff-0.9.4-py3-none-musllinux_1_2_aarch64.whl", hash = "sha256:faa935fc00ae854d8b638c16a5f1ce881bc3f67446957dd6f2af440a5fc8526b"},
    {file = "ruff-0.9.4-py3-none-musllinux_1_2_armv7l.whl", hash = "sha256:a6c634fc6f5a0ceae1ab3e13c58183978185d131a29c425e4eaa9f40afe1e6d6"},
    {file = "ruff-0.9.4-py3-none-musllinux_1_2_i686.whl", hash = "sha256:433dedf6ddfdec7f1ac7575ec1eb9844fa60c4c8c2f8887a070672b8d353d34c"},
    {file = "ruff-0.9.4-py3-none-musllinux_1_2_x86_64.whl", hash = "sha256:d612dbd0f3a919a8cc1d12037168bfa536862066808960e0cc901404b77968f0"},
    {file = "ruff-0.9.4-py3-none-win32.whl", hash = "sha256:db1192ddda2200671f9ef61d9597fcef89d934f5d1705e571a93a67fb13a4402"},
    {file = "ruff-0.9.4-py3-none-win_amd64.whl", hash = "sha256:05bebf4cdbe3ef75430d26c375773978950bbf4ee3c95ccb5448940dc092408e"},
    {file = "ruff-0.9.4-py3-none-win_arm64.whl", hash = "sha256:585792f1e81509e38ac5123492f8875fbc36f3ede8185af0a26df348e5154f41"},
    {file = "ruff-0.9.4.tar.gz", hash = "sha256:6907ee3529244bb0ed066683e075f09285b38dd5b4039370df6ff06041ca19e7"},
]

[[package]]
name = "typing-extensions"
version = "4.12.2"
description = "Backported and Experimental Type Hints for Python 3.8+"
optional = false
python-versions = ">=3.8"
groups = ["dev"]
files = [
    {file = "typing_extensions-4.12.2-py3-none-any.whl", hash = "sha256:04e5ca0351e0f3f85c6853954072df659d0d13fac324d0072316b67d7794700d"},
    {file = "typing_extensions-4.12.2.tar.gz", hash = "sha256:1a7ead55c7e559dd4dee8856e3a88b41225abfe1ce8df57b7c13915fe121ffb8"},
]

[metadata]
lock-version = "2.1"
python-versions = "^3.11"
content-hash = "d19bcc7050ccab0ba39394e41415f73b09146ae1d44de284ba5a2d4db0ceacab"
